PODS:
  - OAuthSwift (1.2.0)
  - SwiftHTTP (3.0.1)

DEPENDENCIES:
  - OAuthSwift (~> 1.2.0)
  - SwiftHTTP (~> 3.0.1)

SPEC CHECKSUMS:
  OAuthSwift: 7fd6855b8e4d58eb5a30d156ea9bed7a8aecd1ca
  SwiftHTTP: e94f1aa8cde58637dcc0100f6349de31a3337fde

PODFILE CHECKSUM: 8f3289243beb9fb7ffbf680dca723bb7b2a4e08d

COCOAPODS: 1.3.1
